
Microsoft Visual Studio Solution File, Format Version 12.00
# Visual Studio Version 17
VisualStudioVersion = 17.3.32922.545
MinimumVisualStudioVersion = 10.0.40219.1
Project("{FAE04EC0-301F-11D3-BF4B-00C04F79EFBC}") = "WinformsUI", "WinformsUI\WinformsUI.csproj", "{078E502C-C5D4-4767-A00C-F311F1DDF7D6}"
EndProject
Global
	GlobalSection(SolutionConfigurationPlatforms) = preSolution
		Debug|Any CPU = Debug|Any CPU
		Release|Any CPU = Release|Any CPU
	EndGlobalSection
	GlobalSection(ProjectConfigurationPlatforms) = postSolution
		{078E502C-C5D4-4767-A00C-F311F1DDF7D6}.Debug|Any CPU.ActiveCfg = Debug|Any CPU
		{078E502C-C5D4-4767-A00C-F311F1DDF7D6}.Debug|Any CPU.Build.0 = Debug|Any CPU
		{078E502C-C5D4-4767-A00C-F311F1DDF7D6}.Release|Any CPU.ActiveCfg = Release|Any CPU
		{078E502C-C5D4-4767-A00C-F311F1DDF7D6}.Release|Any CPU.Build.0 = Release|Any CPU
	EndGlobalSection
	GlobalSection(SolutionProperties) = preSolution
		HideSolutionNode = FALSE
	EndGlobalSection
	GlobalSection(ExtensibilityGlobals) = postSolution
		SolutionGuid = {ADB0C946-39A6-41D9-9AF3-619630883446}
	EndGlobalSection
EndGlobal
